// !$*UTF8*$!
{
	archiveVersion = 1;
	classes = {
	};
	objectVersion = 55;
	objects = {

/* Begin PBXBuildFile section */
		B1B5399328925B710029B2EA /* ExpenseApp.swift in Sources */ = {isa = PBXBuildFile; fileRef = B1B5399228925B710029B2EA /* ExpenseApp.swift */; };
		B1B5399528925B710029B2EA /* ContentView.swift in Sources */ = {isa = PBXBuildFile; fileRef = B1B5399428925B710029B2EA /* ContentView.swift */; };
		B1B5399728925B750029B2EA /* Assets.xcassets in Resources */ = {isa = PBXBuildFile; fileRef = B1B5399628925B750029B2EA /* Assets.xcassets */; };
		B1B5399A28925B750029B2EA /* Preview Assets.xcassets in Resources */ = {isa = PBXBuildFile; fileRef = B1B5399928925B750029B2EA /* Preview Assets.xcassets */; };
		B1B539A128925C570029B2EA /* ExpenseItem.swift in Sources */ = {isa = PBXBuildFile; fileRef = B1B539A028925C570029B2EA /* ExpenseItem.swift */; };
		B1B539A3289264430029B2EA /* DetailView.swift in Sources */ = {isa = PBXBuildFile; fileRef = B1B539A2289264430029B2EA /* DetailView.swift */; };
		B1B539A528928C8C0029B2EA /* Expense.swift in Sources */ = {isa = PBXBuildFile; fileRef = B1B539A428928C8C0029B2EA /* Expense.swift */; };
/* End PBXBuildFile section */

/* Begin PBXFileReference section */
		B1B5398F28925B710029B2EA /* Expense.app */ = {isa = PBXFileReference; explicitFileType = wrapper.application; includeInIndex = 0; path = Expense.app; sourceTree = BUILT_PRODUCTS_DIR; };
		B1B5399228925B710029B2EA /* ExpenseApp.swift */ = {isa = PBXFileReference; lastKnownFileType = sourcecode.swift; path = ExpenseApp.swift; sourceTree = "<group>"; };
		B1B5399428925B710029B2EA /* ContentView.swift */ = {isa = PBXFileReference; lastKnownFileType = sourcecode.swift; path = ContentView.swift; sourceTree = "<group>"; };
		B1B5399628925B750029B2EA /* Assets.xcassets */ = {isa = PBXFileReference; lastKnownFileType = folder.assetcatalog; path = Assets.xcassets; sourceTree = "<group>"; };
		B1B5399928925B750029B2EA /* Preview Assets.xcassets */ = {isa = PBXFileReference; lastKnownFileType = folder.assetcatalog; path = "Preview Assets.xcassets"; sourceTree = "<group>"; };
		B1B539A028925C570029B2EA /* ExpenseItem.swift */ = {isa = PBXFileReference; lastKnownFileType = sourcecode.swift; path = ExpenseItem.swift; sourceTree = "<group>"; };
		B1B539A2289264430029B2EA /* DetailView.swift */ = {isa = PBXFileReference; lastKnownFileType = sourcecode.swift; path = DetailView.swift; sourceTree = "<group>"; };
		B1B539A428928C8C0029B2EA /* Expense.swift */ = {isa = PBXFileReference; lastKnownFileType = sourcecode.swift; path = Expense.swift; sourceTree = "<group>"; };
/* End PBXFileReference section */

/* Begin PBXFrameworksBuildPhase section */
		B1B5398C28925B710029B2EA /* Frameworks */ = {
			isa = PBXFrameworksBuildPhase;
			buildActionMask = 2147483647;
			files = (
			);
			runOnlyForDeploymentPostprocessing = 0;
		};
/* End PBXFrameworksBuildPhase section */

/* Begin PBXGroup section */
		B1B5398628925B710029B2EA = {
			isa = PBXGroup;
			children = (
				B1B5399128925B710029B2EA /* Expense */,
				B1B5399028925B710029B2EA /* Products */,
			);
			sourceTree = "<group>";
		};
		B1B5399028925B710029B2EA /* Products */ = {
			isa = PBXGroup;
			children = (
				B1B5398F28925B710029B2EA /* Expense.app */,
			);
			name = Products;
			sourceTree = "<group>";
		};
		B1B5399128925B710029B2EA /* Expense */ = {
			isa = PBXGroup;
			children = (
				B1B5399228925B710029B2EA /* ExpenseApp.swift */,
				B1B5399428925B710029B2EA /* ContentView.swift */,
				B1B539A2289264430029B2EA /* DetailView.swift */,
				B1B539A428928C8C0029B2EA /* Expense.swift */,
				B1B539A028925C570029B2EA /* ExpenseItem.swift */,
				B1B5399628925B750029B2EA /* Assets.xcassets */,
				B1B5399828925B750029B2EA /* Preview Content */,
			);
			path = Expense;
			sourceTree = "<group>";
		};
		B1B5399828925B750029B2EA /* Preview Content */ = {
			isa = PBXGroup;
			children = (
				B1B5399928925B750029B2EA /* Preview Assets.xcassets */,
			);
			path = "Preview Content";
			sourceTree = "<group>";
		};
/* End PBXGroup section */

/* Begin PBXNativeTarget section */
		B1B5398E28925B710029B2EA /* Expense */ = {
			isa = PBXNativeTarget;
			buildConfigurationList = B1B5399D28925B750029B2EA /* Build configuration list for PBXNativeTarget "Expense" */;
			buildPhases = (
				B1B5398B28925B710029B2EA /* Sources */,
				B1B5398C28925B710029B2EA /* Frameworks */,
				B1B5398D28925B710029B2EA /* Resources */,
			);
			buildRules = (
			);
			dependencies = (
			);
			name = Expense;
			productName = Expense;
			productReference = B1B5398F28925B710029B2EA /* Expense.app */;
			productType = "com.apple.product-type.application";
		};
/* End PBXNativeTarget section */

/* Begin PBXProject section */
		B1B5398728925B710029B2EA /* Project object */ = {
			isa = PBXProject;
			attributes = {
				BuildIndependentTargetsInParallel = 1;
				LastSwiftUpdateCheck = 1340;
				LastUpgradeCheck = 1340;
				TargetAttributes = {
					B1B5398E28925B710029B2EA = {
						CreatedOnToolsVersion = 13.4.1;
					};
				};
			};
			buildConfigurationList = B1B5398A28925B710029B2EA /* Build configuration list for PBXProject "Expense" */;
			compatibilityVersion = "Xcode 13.0";
			developmentRegion = en;
			hasScannedForEncodings = 0;
			knownRegions = (
				en,
				Base,
			);
			mainGroup = B1B5398628925B710029B2EA;
			productRefGroup = B1B5399028925B710029B2EA /* Products */;
			projectDirPath = "";
			projectRoot = "";
			targets = (
				B1B5398E28925B710029B2EA /* Expense */,
			);
		};
/* End PBXProject section */

/* Begin PBXResourcesBuildPhase section */
		B1B5398D28925B710029B2EA /* Resources */ = {
			isa = PBXResourcesBuildPhase;
			buildActionMask = 2147483647;
			files = (
				B1B5399A28925B750029B2EA /* Preview Assets.xcassets in Resources */,
				B1B5399728925B750029B2EA /* Assets.xcassets in Resources */,
			);
			runOnlyForDeploymentPostprocessing = 0;
		};
/* End PBXResourcesBuildPhase section */

/* Begin PBXSourcesBuildPhase section */
		B1B5398B28925B710029B2EA /* Sources */ = {
			isa = PBXSourcesBuildPhase;
			buildActionMask = 2147483647;
			files = (
				B1B5399528925B710029B2EA /* ContentView.swift in Sources */,
				B1B539A3289264430029B2EA /* DetailView.swift in Sources */,
				B1B539A128925C570029B2EA /* ExpenseItem.swift in Sources */,
				B1B5399328925B710029B2EA /* ExpenseApp.swift in Sources */,
				B1B539A528928C8C0029B2EA /* Expense.swift in Sources */,
			);
			runOnlyForDeploymentPostprocessing = 0;
		};
/* End PBXSourcesBuildPhase section */

/* Begin XCBuildConfiguration section */
		B1B5399B28925B750029B2EA /* Debug */ = {
			isa = XCBuildConfiguration;
			buildSettings = {
				ALWAYS_SEARCH_USER_PATHS = NO;
				CLANG_ANALYZER_NONNULL = YES;
				CLANG_ANALYZER_NUMBER_OBJECT_CONVERSION = YES_AGGRESSIVE;
				CLANG_CXX_LANGUAGE_STANDARD = "gnu++17";
				CLANG_ENABLE_MODULES = YES;
				CLANG_ENABLE_OBJC_ARC = YES;
				CLANG_ENABLE_OBJC_WEAK = YES;
				CLANG_WARN_BLOCK_CAPTURE_AUTORELEASING = YES;
				CLANG_WARN_BOOL_CONVERSION = YES;
				CLANG_WARN_COMMA = YES;
				CLANG_WARN_CONSTANT_CONVERSION = YES;
				CLANG_WARN_DEPRECATED_OBJC_IMPLEMENTATIONS = YES;
				CLANG_WARN_DIRECT_OBJC_ISA_USAGE = YES_ERROR;
				CLANG_WARN_DOCUMENTATION_COMMENTS = YES;
				CLANG_WARN_EMPTY_BODY = YES;
				CLANG_WARN_ENUM_CONVERSION = YES;
				CLANG_WARN_INFINITE_RECURSION = YES;
				CLANG_WARN_INT_CONVERSION = YES;
				CLANG_WARN_NON_LITERAL_NULL_CONVERSION = YES;
				CLANG_WARN_OBJC_IMPLICIT_RETAIN_SELF = YES;
				CLANG_WARN_OBJC_LITERAL_CONVERSION = YES;
				CLANG_WARN_OBJC_ROOT_CLASS = YES_ERROR;
				CLANG_WARN_QUOTED_INCLUDE_IN_FRAMEWORK_HEADER = YES;
				CLANG_WARN_RANGE_LOOP_ANALYSIS = YES;
				CLANG_WARN_STRICT_PROTOTYPES = YES;
				CLANG_WARN_SUSPICIOUS_MOVE = YES;
				CLANG_WARN_UNGUARDED_AVAILABILITY = YES_AGGRESSIVE;
				CLANG_WARN_UNREACHABLE_CODE = YES;
				CLANG_WARN__DUPLICATE_METHOD_MATCH = YES;
				COPY_PHASE_STRIP = NO;
				DEBUG_INFORMATION_FORMAT = dwarf;
				ENABLE_STRICT_OBJC_MSGSEND = YES;
				ENABLE_TESTABILITY = YES;
				GCC_C_LANGUAGE_STANDARD = gnu11;
				GCC_DYNAMIC_NO_PIC = NO;
				GCC_NO_COMMON_BLOCKS = YES;
				GCC_OPTIMIZATION_LEVEL = 0;
				GCC_PREPROCESSOR_DEFINITIONS = (
					"DEBUG=1",
					"$(inherited)",
				);
				GCC_WARN_64_TO_32_BIT_CONVERSION = YES;
				GCC_WARN_ABOUT_RETURN_TYPE = YES_ERROR;
				GCC_WARN_UNDECLARED_SELECTOR = YES;
				GCC_WARN_UNINITIALIZED_AUTOS = YES_AGGRESSIVE;
				GCC_WARN_UNUSED_FUNCTION = YES;
				GCC_WARN_UNUSED_VARIABLE = YES;
				IPHONEOS_DEPLOYMENT_TARGET = 15.5;
				MTL_ENABLE_DEBUG_INFO = INCLUDE_SOURCE;
				MTL_FAST_MATH = YES;
				ONLY_ACTIVE_ARCH = YES;
				SDKROOT = iphoneos;
				SWIFT_ACTIVE_COMPILATION_CONDITIONS = DEBUG;
				SWIFT_OPTIMIZATION_LEVEL = "-Onone";
			};
			name = Debug;
		};
		B1B5399C28925B750029B2EA /* Release */ = {
			isa = XCBuildConfiguration;
			buildSettings = {
				ALWAYS_SEARCH_USER_PATHS = NO;
				CLANG_ANALYZER_NONNULL = YES;
				CLANG_ANALYZER_NUMBER_OBJECT_CONVERSION = YES_AGGRESSIVE;
				CLANG_CXX_LANGUAGE_STANDARD = "gnu++17";
				CLANG_ENABLE_MODULES = YES;
				CLANG_ENABLE_OBJC_ARC = YES;
				CLANG_ENABLE_OBJC_WEAK = YES;
				CLANG_WARN_BLOCK_CAPTURE_AUTORELEASING = YES;
				CLANG_WARN_BOOL_CONVERSION = YES;
				CLANG_WARN_COMMA = YES;
				CLANG_WARN_CONSTANT_CONVERSION = YES;
				CLANG_WARN_DEPRECATED_OBJC_IMPLEMENTATIONS = YES;
				CLANG_WARN_DIRECT_OBJC_ISA_USAGE = YES_ERROR;
				CLANG_WARN_DOCUMENTATION_COMMENTS = YES;
				CLANG_WARN_EMPTY_BODY = YES;
				CLANG_WARN_ENUM_CONVERSION = YES;
				CLANG_WARN_INFINITE_RECURSION = YES;
				CLANG_WARN_INT_CONVERSION = YES;
				CLANG_WARN_NON_LITERAL_NULL_CONVERSION = YES;
				CLANG_WARN_OBJC_IMPLICIT_RETAIN_SELF = YES;
				CLANG_WARN_OBJC_LITERAL_CONVERSION = YES;
				CLANG_WARN_OBJC_ROOT_CLASS = YES_ERROR;
				CLANG_WARN_QUOTED_INCLUDE_IN_FRAMEWORK_HEADER = YES;
				CLANG_WARN_RANGE_LOOP_ANALYSIS = YES;
				CLANG_WARN_STRICT_PROTOTYPES = YES;
				CLANG_WARN_SUSPICIOUS_MOVE = YES;
				CLANG_WARN_UNGUARDED_AVAILABILITY = YES_AGGRESSIVE;
				CLANG_WARN_UNREACHABLE_CODE = YES;
				CLANG_WARN__DUPLICATE_METHOD_MATCH = YES;
				COPY_PHASE_STRIP = NO;
				DEBUG_INFORMATION_FORMAT = "dwarf-with-dsym";
				ENABLE_NS_ASSERTIONS = NO;
				ENABLE_STRICT_OBJC_MSGSEND = YES;
				GCC_C_LANGUAGE_STANDARD = gnu11;
				GCC_NO_COMMON_BLOCKS = YES;
				GCC_WARN_64_TO_32_BIT_CONVERSION = YES;
				GCC_WARN_ABOUT_RETURN_TYPE = YES_ERROR;
				GCC_WARN_UNDECLARED_SELECTOR = YES;
				GCC_WARN_UNINITIALIZED_AUTOS = YES_AGGRESSIVE;
				GCC_WARN_UNUSED_FUNCTION = YES;
				GCC_WARN_UNUSED_VARIABLE = YES;
				IPHONEOS_DEPLOYMENT_TARGET = 15.5;
				MTL_ENABLE_DEBUG_INFO = NO;
				MTL_FAST_MATH = YES;
				SDKROOT = iphoneos;
				SWIFT_COMPILATION_MODE = wholemodule;
				SWIFT_OPTIMIZATION_LEVEL = "-O";
				VALIDATE_PRODUCT = YES;
			};
			name = Release;
		};
		B1B5399E28925B750029B2EA /* Debug */ = {
			isa = XCBuildConfiguration;
			buildSettings = {
				ASSETCATALOG_COMPILER_APPICON_NAME = AppIcon;
				ASSETCATALOG_COMPILER_GLOBAL_ACCENT_COLOR_NAME = AccentColor;
				CODE_SIGN_STYLE = Automatic;
				CURRENT_PROJECT_VERSION = 1;
				DEVELOPMENT_ASSET_PATHS = "\"Expense/Preview Content\"";
				DEVELOPMENT_TEAM = 92NWMNTXWL;
				ENABLE_PREVIEWS = YES;
				GENERATE_INFOPLIST_FILE = YES;
				INFOPLIST_KEY_UIApplicationSceneManifest_Generation = YES;
				INFOPLIST_KEY_UIApplicationSupportsIndirectInputEvents = YES;
				INFOPLIST_KEY_UILaunchScreen_Generation = YES;
				INFOPLIST_KEY_UISupportedInterfaceOrientations_iPad = "UIInterfaceOrientationPortrait UIInterfaceOrientationPortraitUpsideDown UIInterfaceOrientationLandscapeLeft UIInterfaceOrientationLandscapeRight";
				INFOPLIST_KEY_UISupportedInterfaceOrientations_iPhone = "UIInterfaceOrientationPortrait UIInterfaceOrientationLandscapeLeft UIInterfaceOrientationLandscapeRight";
				LD_RUNPATH_SEARCH_PATHS = (
					"$(inherited)",
					"@executable_path/Frameworks",
				);
				MARKETING_VERSION = 1.0;
				PRODUCT_BUNDLE_IDENTIFIER = yumingzheng.Expense;
				PRODUCT_NAME = "$(TARGET_NAME)";
				SWIFT_EMIT_LOC_STRINGS = YES;
				SWIFT_VERSION = 5.0;
				TARGETED_DEVICE_FAMILY = "1,2";
			};
			name = Debug;
		};
		B1B5399F28925B750029B2EA /* Release */ = {
			isa = XCBuildConfiguration;
			buildSettings = {
				ASSETCATALOG_COMPILER_APPICON_NAME = AppIcon;
				ASSETCATALOG_COMPILER_GLOBAL_ACCENT_COLOR_NAME = AccentColor;
				CODE_SIGN_STYLE = Automatic;
				CURRENT_PROJECT_VERSION = 1;
				DEVELOPMENT_ASSET_PATHS = "\"Expense/Preview Content\"";
				DEVELOPMENT_TEAM = 92NWMNTXWL;
				ENABLE_PREVIEWS = YES;
				GENERATE_INFOPLIST_FILE = YES;
				INFOPLIST_KEY_UIApplicationSceneManifest_Generation = YES;
				INFOPLIST_KEY_UIApplicationSupportsIndirectInputEvents = YES;
				INFOPLIST_KEY_UILaunchScreen_Generation = YES;
				INFOPLIST_KEY_UISupportedInterfaceOrientations_iPad = "UIInterfaceOrientationPortrait UIInterfaceOrientationPortraitUpsideDown UIInterfaceOrientationLandscapeLeft UIInterfaceOrientationLandscapeRight";
				INFOPLIST_KEY_UISupportedInterfaceOrientations_iPhone = "UIInterfaceOrientationPortrait UIInterfaceOrientationLandscapeLeft UIInterfaceOrientationLandscapeRight";
				LD_RUNPATH_SEARCH_PATHS = (
					"$(inherited)",
					"@executable_path/Frameworks",
				);
				MARKETING_VERSION = 1.0;
				PRODUCT_BUNDLE_IDENTIFIER = yumingzheng.Expense;
				PRODUCT_NAME = "$(TARGET_NAME)";
				SWIFT_EMIT_LOC_STRINGS = YES;
				SWIFT_VERSION = 5.0;
				TARGETED_DEVICE_FAMILY = "1,2";
			};
			name = Release;
		};
/* End XCBuildConfiguration section */

/* Begin XCConfigurationList section */
		B1B5398A28925B710029B2EA /* Build configuration list for PBXProject "Expense" */ = {
			isa = XCConfigurationList;
			buildConfigurations = (
				B1B5399B28925B750029B2EA /* Debug */,
				B1B5399C28925B750029B2EA /* Release */,
			);
			defaultConfigurationIsVisible = 0;
			defaultConfigurationName = Release;
		};
		B1B5399D28925B750029B2EA /* Build configuration list for PBXNativeTarget "Expense" */ = {
			isa = XCConfigurationList;
			buildConfigurations = (
				B1B5399E28925B750029B2EA /* Debug */,
				B1B5399F28925B750029B2EA /* Release */,
			);
			defaultConfigurationIsVisible = 0;
			defaultConfigurationName = Release;
		};
/* End XCConfigurationList section */
	};
	rootObject = B1B5398728925B710029B2EA /* Project object */;
}
